
Microsoft Visual Studio Solution File, Format Version 12.00
# Visual Studio 15
VisualStudioVersion = 15.0.28307.329
MinimumVisualStudioVersion = 10.0.40219.1
Project("{E24C65DC-7377-472B-9ABA-BC803B73C61A}") = "PILIPALA", "PILIPALA\", "{D69E70ED-9AA8-4514-A546-D253389E4340}"
	ProjectSection(WebsiteProperties) = preProject
		TargetFrameworkMoniker = ".NETFramework,Version%3Dv4.5.2"
		Debug.AspNetCompiler.VirtualPath = "/localhost_12778"
		Debug.AspNetCompiler.PhysicalPath = "PILIPALA\"
		Debug.AspNetCompiler.TargetPath = "PrecompiledWeb\localhost_12778\"
		Debug.AspNetCompiler.Updateable = "true"
		Debug.AspNetCompiler.ForceOverwrite = "true"
		Debug.AspNetCompiler.FixedNames = "false"
		Debug.AspNetCompiler.Debug = "True"
		Release.AspNetCompiler.VirtualPath = "/localhost_12778"
		Release.AspNetCompiler.PhysicalPath = "PILIPALA\"
		Release.AspNetCompiler.TargetPath = "PrecompiledWeb\localhost_12778\"
		Release.AspNetCompiler.Updateable = "true"
		Release.AspNetCompiler.ForceOverwrite = "true"
		Release.AspNetCompiler.FixedNames = "false"
		Release.AspNetCompiler.Debug = "False"
		VWDPort = "12778"
		DefaultWebSiteLanguage = "Visual C#"
	EndProjectSection
EndProject
Global
	GlobalSection(SolutionConfigurationPlatforms) = preSolution
		Debug|Any CPU = Debug|Any CPU
	EndGlobalSection
	GlobalSection(ProjectConfigurationPlatforms) = postSolution
		{D69E70ED-9AA8-4514-A546-D253389E4340}.Debug|Any CPU.ActiveCfg = Debug|Any CPU
		{D69E70ED-9AA8-4514-A546-D253389E4340}.Debug|Any CPU.Build.0 = Debug|Any CPU
	EndGlobalSection
	GlobalSection(SolutionProperties) = preSolution
		HideSolutionNode = FALSE
	EndGlobalSection
	GlobalSection(ExtensibilityGlobals) = postSolution
		SolutionGuid = {7C860C84-7D34-4609-85B3-6B75D1131429}
	EndGlobalSection
EndGlobal
