
Microsoft Visual Studio Solution File, Format Version 12.00
# Visual Studio Version 16
VisualStudioVersion = 16.0.30320.27
MinimumVisualStudioVersion = 10.0.40219.1
Project("{FAE04EC0-301F-11D3-BF4B-00C04F79EFBC}") = "WaterLibrary", "WaterLibrary\WaterLibrary.csproj", "{5849B22F-B5A2-4417-AC96-BDF01F5C2DD5}"
EndProject
Global
	GlobalSection(SolutionConfigurationPlatforms) = preSolution
		Debug|Any CPU = Debug|Any CPU
		Release|Any CPU = Release|Any CPU
	EndGlobalSection
	GlobalSection(ProjectConfigurationPlatforms) = postSolution
		{5849B22F-B5A2-4417-AC96-BDF01F5C2DD5}.Debug|Any CPU.ActiveCfg = Debug|Any CPU
		{5849B22F-B5A2-4417-AC96-BDF01F5C2DD5}.Debug|Any CPU.Build.0 = Debug|Any CPU
		{5849B22F-B5A2-4417-AC96-BDF01F5C2DD5}.Release|Any CPU.ActiveCfg = Release|Any CPU
		{5849B22F-B5A2-4417-AC96-BDF01F5C2DD5}.Release|Any CPU.Build.0 = Release|Any CPU
	EndGlobalSection
	GlobalSection(SolutionProperties) = preSolution
		HideSolutionNode = FALSE
	EndGlobalSection
	GlobalSection(ExtensibilityGlobals) = postSolution
		SolutionGuid = {75A76E8A-1C74-40C1-8115-2440B531BB25}
	EndGlobalSection
EndGlobal
