
Microsoft Visual Studio Solution File, Format Version 12.00
# Visual Studio Version 16
VisualStudioVersion = 16.0.30804.86
MinimumVisualStudioVersion = 10.0.40219.1
Project("{FAE04EC0-301F-11D3-BF4B-00C04F79EFBC}") = "palaBenchmark", "palaBenchmark\palaBenchmark.csproj", "{6F7695E1-9CD1-4172-99FE-23502B2A1C7F}"
EndProject
Global
	GlobalSection(SolutionConfigurationPlatforms) = preSolution
		Debug|Any CPU = Debug|Any CPU
		Release|Any CPU = Release|Any CPU
	EndGlobalSection
	GlobalSection(ProjectConfigurationPlatforms) = postSolution
		{6F7695E1-9CD1-4172-99FE-23502B2A1C7F}.Debug|Any CPU.ActiveCfg = Debug|Any CPU
		{6F7695E1-9CD1-4172-99FE-23502B2A1C7F}.Debug|Any CPU.Build.0 = Debug|Any CPU
		{6F7695E1-9CD1-4172-99FE-23502B2A1C7F}.Release|Any CPU.ActiveCfg = Release|Any CPU
		{6F7695E1-9CD1-4172-99FE-23502B2A1C7F}.Release|Any CPU.Build.0 = Release|Any CPU
	EndGlobalSection
	GlobalSection(SolutionProperties) = preSolution
		HideSolutionNode = FALSE
	EndGlobalSection
	GlobalSection(ExtensibilityGlobals) = postSolution
		SolutionGuid = {9E3E9663-C978-4911-9FB1-D24980CF4F1E}
	EndGlobalSection
EndGlobal
