
Microsoft Visual Studio Solution File, Format Version 12.00
# Visual Studio Version 16
VisualStudioVersion = 16.0.30611.23
MinimumVisualStudioVersion = 10.0.40219.1
Project("{FAE04EC0-301F-11D3-BF4B-00C04F79EFBC}") = "PalaBenchmarkFiller", "PalaBenchmarkFiller\PalaBenchmarkFiller.csproj", "{CD3E8F7F-AF05-4CD4-B2EA-A4B5BF12B125}"
EndProject
Global
	GlobalSection(SolutionConfigurationPlatforms) = preSolution
		Debug|Any CPU = Debug|Any CPU
		Release|Any CPU = Release|Any CPU
	EndGlobalSection
	GlobalSection(ProjectConfigurationPlatforms) = postSolution
		{CD3E8F7F-AF05-4CD4-B2EA-A4B5BF12B125}.Debug|Any CPU.ActiveCfg = Debug|Any CPU
		{CD3E8F7F-AF05-4CD4-B2EA-A4B5BF12B125}.Debug|Any CPU.Build.0 = Debug|Any CPU
		{CD3E8F7F-AF05-4CD4-B2EA-A4B5BF12B125}.Release|Any CPU.ActiveCfg = Release|Any CPU
		{CD3E8F7F-AF05-4CD4-B2EA-A4B5BF12B125}.Release|Any CPU.Build.0 = Release|Any CPU
	EndGlobalSection
	GlobalSection(SolutionProperties) = preSolution
		HideSolutionNode = FALSE
	EndGlobalSection
	GlobalSection(ExtensibilityGlobals) = postSolution
		SolutionGuid = {A0631BEA-1B33-446A-A706-81C7A5152E24}
	EndGlobalSection
EndGlobal
