
Microsoft Visual Studio Solution File, Format Version 12.00
# Visual Studio 15
VisualStudioVersion = 15.0.28307.329
MinimumVisualStudioVersion = 10.0.40219.1
Project("{FAE04EC0-301F-11D3-BF4B-00C04F79EFBC}") = "StudioLibrary", "StudioLibrary\StudioLibrary.csproj", "{BE8BD0C2-EF6E-4E06-BB12-BF11C8170F91}"
EndProject
Global
	GlobalSection(SolutionConfigurationPlatforms) = preSolution
		Debug|Any CPU = Debug|Any CPU
		Release|Any CPU = Release|Any CPU
	EndGlobalSection
	GlobalSection(ProjectConfigurationPlatforms) = postSolution
		{BE8BD0C2-EF6E-4E06-BB12-BF11C8170F91}.Debug|Any CPU.ActiveCfg = Debug|Any CPU
		{BE8BD0C2-EF6E-4E06-BB12-BF11C8170F91}.Debug|Any CPU.Build.0 = Debug|Any CPU
		{BE8BD0C2-EF6E-4E06-BB12-BF11C8170F91}.Release|Any CPU.ActiveCfg = Release|Any CPU
		{BE8BD0C2-EF6E-4E06-BB12-BF11C8170F91}.Release|Any CPU.Build.0 = Release|Any CPU
	EndGlobalSection
	GlobalSection(SolutionProperties) = preSolution
		HideSolutionNode = FALSE
	EndGlobalSection
	GlobalSection(ExtensibilityGlobals) = postSolution
		SolutionGuid = {40BEC172-68F6-47CE-A6BF-64538D1C15FA}
	EndGlobalSection
EndGlobal
